
Microsoft Visual Studio Solution File, Format Version 12.00
# Visual Studio Version 17
VisualStudioVersion = 17.7.34202.233
MinimumVisualStudioVersion = 10.0.40219.1
Project("{9A19103F-16F7-4668-BE54-9A1E7A4F7556}") = "Core_Project", "Core_Project\Core_Project.csproj", "{D15DC024-73F7-4838-9C73-46E42C2E6743}"
EndProject
Project("{9A19103F-16F7-4668-BE54-9A1E7A4F7556}") = "BusinessLayer", "BusinessLayer\BusinessLayer.csproj", "{F828E870-0137-4B86-98F5-F23AD8B31667}"
EndProject
Project("{9A19103F-16F7-4668-BE54-9A1E7A4F7556}") = "DataAccessLayer", "DataAccessLayer\DataAccessLayer.csproj", "{E2912C93-733A-41C5-B42B-77E6ABD83DD1}"
EndProject
Project("{9A19103F-16F7-4668-BE54-9A1E7A4F7556}") = "EntityLayer", "EntityLayer\EntityLayer.csproj", "{9070F609-91D1-4482-95FC-A4B53DB19059}"
EndProject
Project("{FAE04EC0-301F-11D3-BF4B-00C04F79EFBC}") = "Core_Project_Api", "Core_Project_Api\Core_Project_Api.csproj", "{298AF10F-A4F1-4EC0-A1EA-0516CD6819FA}"
EndProject
Global
	GlobalSection(SolutionConfigurationPlatforms) = preSolution
		Debug|Any CPU = Debug|Any CPU
		Release|Any CPU = Release|Any CPU
	EndGlobalSection
	GlobalSection(ProjectConfigurationPlatforms) = postSolution
		{D15DC024-73F7-4838-9C73-46E42C2E6743}.Debug|Any CPU.ActiveCfg = Debug|Any CPU
		{D15DC024-73F7-4838-9C73-46E42C2E6743}.Debug|Any CPU.Build.0 = Debug|Any CPU
		{D15DC024-73F7-4838-9C73-46E42C2E6743}.Release|Any CPU.ActiveCfg = Release|Any CPU
		{D15DC024-73F7-4838-9C73-46E42C2E6743}.Release|Any CPU.Build.0 = Release|Any CPU
		{F828E870-0137-4B86-98F5-F23AD8B31667}.Debug|Any CPU.ActiveCfg = Debug|Any CPU
		{F828E870-0137-4B86-98F5-F23AD8B31667}.Debug|Any CPU.Build.0 = Debug|Any CPU
		{F828E870-0137-4B86-98F5-F23AD8B31667}.Release|Any CPU.ActiveCfg = Release|Any CPU
		{F828E870-0137-4B86-98F5-F23AD8B31667}.Release|Any CPU.Build.0 = Release|Any CPU
		{E2912C93-733A-41C5-B42B-77E6ABD83DD1}.Debug|Any CPU.ActiveCfg = Debug|Any CPU
		{E2912C93-733A-41C5-B42B-77E6ABD83DD1}.Debug|Any CPU.Build.0 = Debug|Any CPU
		{E2912C93-733A-41C5-B42B-77E6ABD83DD1}.Release|Any CPU.ActiveCfg = Release|Any CPU
		{E2912C93-733A-41C5-B42B-77E6ABD83DD1}.Release|Any CPU.Build.0 = Release|Any CPU
		{9070F609-91D1-4482-95FC-A4B53DB19059}.Debug|Any CPU.ActiveCfg = Debug|Any CPU
		{9070F609-91D1-4482-95FC-A4B53DB19059}.Debug|Any CPU.Build.0 = Debug|Any CPU
		{9070F609-91D1-4482-95FC-A4B53DB19059}.Release|Any CPU.ActiveCfg = Release|Any CPU
		{9070F609-91D1-4482-95FC-A4B53DB19059}.Release|Any CPU.Build.0 = Release|Any CPU
		{298AF10F-A4F1-4EC0-A1EA-0516CD6819FA}.Debug|Any CPU.ActiveCfg = Debug|Any CPU
		{298AF10F-A4F1-4EC0-A1EA-0516CD6819FA}.Debug|Any CPU.Build.0 = Debug|Any CPU
		{298AF10F-A4F1-4EC0-A1EA-0516CD6819FA}.Release|Any CPU.ActiveCfg = Release|Any CPU
		{298AF10F-A4F1-4EC0-A1EA-0516CD6819FA}.Release|Any CPU.Build.0 = Release|Any CPU
	EndGlobalSection
	GlobalSection(SolutionProperties) = preSolution
		HideSolutionNode = FALSE
	EndGlobalSection
	GlobalSection(ExtensibilityGlobals) = postSolution
		SolutionGuid = {3A932EB1-8D00-47BA-91A2-C75DF09D4867}
	EndGlobalSection
EndGlobal
